dependencies:
- name: cert-manager
  repository: https://charts.jetstack.io
  version: v1.11.1
- name: opentelemetry-operator
  repository: https://open-telemetry.github.io/opentelemetry-helm-charts
  version: 0.15.0
- name: kube-state-metrics
  repository: https://prometheus-community.github.io/helm-charts
  version: 4.20.2
- name: prometheus-node-exporter
  repository: https://prometheus-community.github.io/helm-charts
  version: 4.3.0
digest: sha256:3cb0bff54bf628d4bf023db2259e352fff9f74347c4cc9b181cb93c76436a4f7
generated: "2023-04-24T11:37:00.112578-04:00"
